// !$*UTF8*$!
{
	archiveVersion = 1;
	classes = {
	};
	objectVersion = 77;
	objects = {

/* Begin PBXContainerItemProxy section */
		DEFC5BA12EDE23F800FC3B4C /* PBXContainerItemProxy */ = {
			isa = PBXContainerItemProxy;
			containerPortal = DEFC5B822EDE23F700FC3B4C /* Project object */;
			proxyType = 1;
			remoteGlobalIDString = DEFC5B892EDE23F700FC3B4C;
			remoteInfo = FiservAssignment;
		};
		DEFC5BAB2EDE23F800FC3B4C /* PBXContainerItemProxy */ = {
			isa = PBXContainerItemProxy;
			containerPortal = DEFC5B822EDE23F700FC3B4C /* Project object */;
			proxyType = 1;
			remoteGlobalIDString = DEFC5B892EDE23F700FC3B4C;
			remoteInfo = FiservAssignment;
		};
/* End PBXContainerItemProxy section */

/* Begin PBXFileReference section */
		DEFC5B8A2EDE23F700FC3B4C /* FiservAssignment.app */ = {isa = PBXFileReference; explicitFileType = wrapper.application; includeInIndex = 0; path = FiservAssignment.app; sourceTree = BUILT_PRODUCTS_DIR; };
		DEFC5BA02EDE23F800FC3B4C /* FiservAssignmentTests.xctest */ = {isa = PBXFileReference; explicitFileType = wrapper.cfbundle; includeInIndex = 0; path = FiservAssignmentTests.xctest; sourceTree = BUILT_PRODUCTS_DIR; };
		DEFC5BAA2EDE23F800FC3B4C /* FiservAssignmentUITests.xctest */ = {isa = PBXFileReference; explicitFileType = wrapper.cfbundle; includeInIndex = 0; path = FiservAssignmentUITests.xctest; sourceTree = BUILT_PRODUCTS_DIR; };
/* End PBXFileReference section */

/* Begin PBXFileSystemSynchronizedBuildFileExceptionSet section */
		DEFC5BB22EDE23F800FC3B4C /* Exceptions for "FiservAssignment" folder in "FiservAssignment" target */ = {
			isa = PBXFileSystemSynchronizedBuildFileExceptionSet;
			membershipExceptions = (
				Info.plist,
			);
			target = DEFC5B892EDE23F700FC3B4C /* FiservAssignment */;
		};
/* End PBXFileSystemSynchronizedBuildFileExceptionSet section */

/* Begin PBXFileSystemSynchronizedRootGroup section */
		DEFC5B8C2EDE23F700FC3B4C /* FiservAssignment */ = {
			isa = PBXFileSystemSynchronizedRootGroup;
			exceptions = (
				DEFC5BB22EDE23F800FC3B4C /* Exceptions for "FiservAssignment" folder in "FiservAssignment" target */,
			);
			path = FiservAssignment;
			sourceTree = "<group>";
		};
		DEFC5BA32EDE23F800FC3B4C /* FiservAssignmentTests */ = {
			isa = PBXFileSystemSynchronizedRootGroup;
			path = FiservAssignmentTests;
			sourceTree = "<group>";
		};
		DEFC5BAD2EDE23F800FC3B4C /* FiservAssignmentUITests */ = {
			isa = PBXFileSystemSynchronizedRootGroup;
			path = FiservAssignmentUITests;
			sourceTree = "<group>";
		};
/* End PBXFileSystemSynchronizedRootGroup section */

/* Begin PBXFrameworksBuildPhase section */
		DEFC5B872EDE23F700FC3B4C /* Frameworks */ = {
			isa = PBXFrameworksBuildPhase;
			buildActionMask = 2147483647;
			files = (
			);
			runOnlyForDeploymentPostprocessing = 0;
		};
		DEFC5B9D2EDE23F800FC3B4C /* Frameworks */ = {
			isa = PBXFrameworksBuildPhase;
			buildActionMask = 2147483647;
			files = (
			);
			runOnlyForDeploymentPostprocessing = 0;
		};
		DEFC5BA72EDE23F800FC3B4C /* Frameworks */ = {
			isa = PBXFrameworksBuildPhase;
			buildActionMask = 2147483647;
			files = (
			);
			runOnlyForDeploymentPostprocessing = 0;
		};
/* End PBXFrameworksBuildPhase section */

/* Begin PBXGroup section */
		DEFC5B812EDE23F700FC3B4C = {
			isa = PBXGroup;
			children = (
				DEFC5B8C2EDE23F700FC3B4C /* FiservAssignment */,
				DEFC5BA32EDE23F800FC3B4C /* FiservAssignmentTests */,
				DEFC5BAD2EDE23F800FC3B4C /* FiservAssignmentUITests */,
				DEFC5B8B2EDE23F700FC3B4C /* Products */,
			);
			sourceTree = "<group>";
		};
		DEFC5B8B2EDE23F700FC3B4C /* Products */ = {
			isa = PBXGroup;
			children = (
				DEFC5B8A2EDE23F700FC3B4C /* FiservAssignment.app */,
				DEFC5BA02EDE23F800FC3B4C /* FiservAssignmentTests.xctest */,
				DEFC5BAA2EDE23F800FC3B4C /* FiservAssignmentUITests.xctest */,
			);
			name = Products;
			sourceTree = "<group>";
		};
/* End PBXGroup section */

/* Begin PBXNativeTarget section */
		DEFC5B892EDE23F700FC3B4C /* FiservAssignment */ = {
			isa = PBXNativeTarget;
			buildConfigurationList = DEFC5BB32EDE23F800FC3B4C /* Build configuration list for PBXNativeTarget "FiservAssignment" */;
			buildPhases = (
				DEFC5B862EDE23F700FC3B4C /* Sources */,
				DEFC5B872EDE23F700FC3B4C /* Frameworks */,
				DEFC5B882EDE23F700FC3B4C /* Resources */,
			);
			buildRules = (
			);
			dependencies = (
			);
			fileSystemSynchronizedGroups = (
				DEFC5B8C2EDE23F700FC3B4C /* FiservAssignment */,
			);
			name = FiservAssignment;
			packageProductDependencies = (
			);
			productName = FiservAssignment;
			productReference = DEFC5B8A2EDE23F700FC3B4C /* FiservAssignment.app */;
			productType = "com.apple.product-type.application";
		};
		DEFC5B9F2EDE23F800FC3B4C /* FiservAssignmentTests */ = {
			isa = PBXNativeTarget;
			buildConfigurationList = DEFC5BB82EDE23F800FC3B4C /* Build configuration list for PBXNativeTarget "FiservAssignmentTests" */;
			buildPhases = (
				DEFC5B9C2EDE23F800FC3B4C /* Sources */,
				DEFC5B9D2EDE23F800FC3B4C /* Frameworks */,
				DEFC5B9E2EDE23F800FC3B4C /* Resources */,
			);
			buildRules = (
			);
			dependencies = (
				DEFC5BA22EDE23F800FC3B4C /* PBXTargetDependency */,
			);
			fileSystemSynchronizedGroups = (
				DEFC5BA32EDE23F800FC3B4C /* FiservAssignmentTests */,
			);
			name = FiservAssignmentTests;
			packageProductDependencies = (
			);
			productName = FiservAssignmentTests;
			productReference = DEFC5BA02EDE23F800FC3B4C /* FiservAssignmentTests.xctest */;
			productType = "com.apple.product-type.bundle.unit-test";
		};
		DEFC5BA92EDE23F800FC3B4C /* FiservAssignmentUITests */ = {
			isa = PBXNativeTarget;
			buildConfigurationList = DEFC5BBB2EDE23F800FC3B4C /* Build configuration list for PBXNativeTarget "FiservAssignmentUITests" */;
			buildPhases = (
				DEFC5BA62EDE23F800FC3B4C /* Sources */,
				DEFC5BA72EDE23F800FC3B4C /* Frameworks */,
				DEFC5BA82EDE23F800FC3B4C /* Resources */,
			);
			buildRules = (
			);
			dependencies = (
				DEFC5BAC2EDE23F800FC3B4C /* PBXTargetDependency */,
			);
			fileSystemSynchronizedGroups = (
				DEFC5BAD2EDE23F800FC3B4C /* FiservAssignmentUITests */,
			);
			name = FiservAssignmentUITests;
			packageProductDependencies = (
			);
			productName = FiservAssignmentUITests;
			productReference = DEFC5BAA2EDE23F800FC3B4C /* FiservAssignmentUITests.xctest */;
			productType = "com.apple.product-type.bundle.ui-testing";
		};
/* End PBXNativeTarget section */

/* Begin PBXProject section */
		DEFC5B822EDE23F700FC3B4C /* Project object */ = {
			isa = PBXProject;
			attributes = {
				BuildIndependentTargetsInParallel = 1;
				LastSwiftUpdateCheck = 2600;
				LastUpgradeCheck = 2600;
				TargetAttributes = {
					DEFC5B892EDE23F700FC3B4C = {
						CreatedOnToolsVersion = 26.0;
					};
					DEFC5B9F2EDE23F800FC3B4C = {
						CreatedOnToolsVersion = 26.0;
						TestTargetID = DEFC5B892EDE23F700FC3B4C;
					};
					DEFC5BA92EDE23F800FC3B4C = {
						CreatedOnToolsVersion = 26.0;
						TestTargetID = DEFC5B892EDE23F700FC3B4C;
					};
				};
			};
			buildConfigurationList = DEFC5B852EDE23F700FC3B4C /* Build configuration list for PBXProject "FiservAssignment" */;
			developmentRegion = en;
			hasScannedForEncodings = 0;
			knownRegions = (
				en,
				Base,
			);
			mainGroup = DEFC5B812EDE23F700FC3B4C;
			minimizedProjectReferenceProxies = 1;
			preferredProjectObjectVersion = 77;
			productRefGroup = DEFC5B8B2EDE23F700FC3B4C /* Products */;
			projectDirPath = "";
			projectRoot = "";
			targets = (
				DEFC5B892EDE23F700FC3B4C /* FiservAssignment */,
				DEFC5B9F2EDE23F800FC3B4C /* FiservAssignmentTests */,
				DEFC5BA92EDE23F800FC3B4C /* FiservAssignmentUITests */,
			);
		};
/* End PBXProject section */

/* Begin PBXResourcesBuildPhase section */
		DEFC5B882EDE23F700FC3B4C /* Resources */ = {
			isa = PBXResourcesBuildPhase;
			buildActionMask = 2147483647;
			files = (
			);
			runOnlyForDeploymentPostprocessing = 0;
		};
		DEFC5B9E2EDE23F800FC3B4C /* Resources */ = {
			isa = PBXResourcesBuildPhase;
			buildActionMask = 2147483647;
			files = (
			);
			runOnlyForDeploymentPostprocessing = 0;
		};
		DEFC5BA82EDE23F800FC3B4C /* Resources */ = {
			isa = PBXResourcesBuildPhase;
			buildActionMask = 2147483647;
			files = (
			);
			runOnlyForDeploymentPostprocessing = 0;
		};
/* End PBXResourcesBuildPhase section */

/* Begin PBXSourcesBuildPhase section */
		DEFC5B862EDE23F700FC3B4C /* Sources */ = {
			isa = PBXSourcesBuildPhase;
			buildActionMask = 2147483647;
			files = (
			);
			runOnlyForDeploymentPostprocessing = 0;
		};
		DEFC5B9C2EDE23F800FC3B4C /* Sources */ = {
			isa = PBXSourcesBuildPhase;
			buildActionMask = 2147483647;
			files = (
			);
			runOnlyForDeploymentPostprocessing = 0;
		};
		DEFC5BA62EDE23F800FC3B4C /* Sources */ = {
			isa = PBXSourcesBuildPhase;
			buildActionMask = 2147483647;
			files = (
			);
			runOnlyForDeploymentPostprocessing = 0;
		};
/* End PBXSourcesBuildPhase section */

/* Begin PBXTargetDependency section */
		DEFC5BA22EDE23F800FC3B4C /* PBXTargetDependency */ = {
			isa = PBXTargetDependency;
			target = DEFC5B892EDE23F700FC3B4C /* FiservAssignment */;
			targetProxy = DEFC5BA12EDE23F800FC3B4C /* PBXContainerItemProxy */;
		};
		DEFC5BAC2EDE23F800FC3B4C /* PBXTargetDependency */ = {
			isa = PBXTargetDependency;
			target = DEFC5B892EDE23F700FC3B4C /* FiservAssignment */;
			targetProxy = DEFC5BAB2EDE23F800FC3B4C /* PBXContainerItemProxy */;
		};
/* End PBXTargetDependency section */

/* Begin XCBuildConfiguration section */
		DEFC5BB42EDE23F800FC3B4C /* Debug */ = {
			isa = XCBuildConfiguration;
			buildSettings = {
				ASSETCATALOG_COMPILER_APPICON_NAME = AppIcon;
				ASSETCATALOG_COMPILER_GLOBAL_ACCENT_COLOR_NAME = AccentColor;
				CODE_SIGN_STYLE = Automatic;
				CURRENT_PROJECT_VERSION = 1;
				DEVELOPMENT_TEAM = 5Q98FY89DC;
				GENERATE_INFOPLIST_FILE = YES;
				INFOPLIST_FILE = FiservAssignment/Info.plist;
				INFOPLIST_KEY_UIApplicationSupportsIndirectInputEvents = YES;
				INFOPLIST_KEY_UILaunchStoryboardName = LaunchScreen;
				INFOPLIST_KEY_UIMainStoryboardFile = Main;
				INFOPLIST_KEY_UISupportedInterfaceOrientations_iPad = "UIInterfaceOrientationPortrait UIInterfaceOrientationPortraitUpsideDown UIInterfaceOrientationLandscapeLeft UIInterfaceOrientationLandscapeRight";
				INFOPLIST_KEY_UISupportedInterfaceOrientations_iPhone = "UIInterfaceOrientationPortrait UIInterfaceOrientationLandscapeLeft UIInterfaceOrientationLandscapeRight";
				LD_RUNPATH_SEARCH_PATHS = (
					"$(inherited)",
					"@executable_path/Frameworks",
				);
				MARKETING_VERSION = 1.0;
				PRODUCT_BUNDLE_IDENTIFIER = Fiserv.FiservAssignment;
				PRODUCT_NAME = "$(TARGET_NAME)";
				STRING_CATALOG_GENERATE_SYMBOLS = YES;
				SWIFT_APPROACHABLE_CONCURRENCY = YES;
				SWIFT_DEFAULT_ACTOR_ISOLATION = MainActor;
				SWIFT_EMIT_LOC_STRINGS = YES;
				SWIFT_UPCOMING_FEATURE_MEMBER_IMPORT_VISIBILITY = YES;
				SWIFT_VERSION = 5.0;
				TARGETED_DEVICE_FAMILY = "1,2";
			};
			name = Debug;
		};
		DEFC5BB52EDE23F800FC3B4C /* Release */ = {
			isa = XCBuildConfiguration;
			buildSettings = {
				ASSETCATALOG_COMPILER_APPICON_NAME = AppIcon;
				ASSETCATALOG_COMPILER_GLOBAL_ACCENT_COLOR_NAME = AccentColor;
				CODE_SIGN_STYLE = Automatic;
				CURRENT_PROJECT_VERSION = 1;
				DEVELOPMENT_TEAM = 5Q98FY89DC;
				GENERATE_INFOPLIST_FILE = YES;
				INFOPLIST_FILE = FiservAssignment/Info.plist;
				INFOPLIST_KEY_UIApplicationSupportsIndirectInputEvents = YES;
				INFOPLIST_KEY_UILaunchStoryboardName = LaunchScreen;
				INFOPLIST_KEY_UIMainStoryboardFile = Main;
				INFOPLIST_KEY_UISupportedInterfaceOrientations_iPad = "UIInterfaceOrientationPortrait UIInterfaceOrientationPortraitUpsideDown UIInterfaceOrientationLandscapeLeft UIInterfaceOrientationLandscapeRight";
				INFOPLIST_KEY_UISupportedInterfaceOrientations_iPhone = "UIInterfaceOrientationPortrait UIInterfaceOrientationLandscapeLeft UIInterfaceOrientationLandscapeRight";
				LD_RUNPATH_SEARCH_PATHS = (
					"$(inherited)",
					"@executable_path/Frameworks",
				);
				MARKETING_VERSION = 1.0;
				PRODUCT_BUNDLE_IDENTIFIER = Fiserv.FiservAssignment;
				PRODUCT_NAME = "$(TARGET_NAME)";
				STRING_CATALOG_GENERATE_SYMBOLS = YES;
				SWIFT_APPROACHABLE_CONCURRENCY = YES;
				SWIFT_DEFAULT_ACTOR_ISOLATION = MainActor;
				SWIFT_EMIT_LOC_STRINGS = YES;
				SWIFT_UPCOMING_FEATURE_MEMBER_IMPORT_VISIBILITY = YES;
				SWIFT_VERSION = 5.0;
				TARGETED_DEVICE_FAMILY = "1,2";
			};
			name = Release;
		};
		DEFC5BB62EDE23F800FC3B4C /* Debug */ = {
			isa = XCBuildConfiguration;
			buildSettings = {
				ALWAYS_SEARCH_USER_PATHS = NO;
				ASSETCATALOG_COMPILER_GENERATE_SWIFT_ASSET_SYMBOL_EXTENSIONS = YES;
				CLANG_ANALYZER_NONNULL = YES;
				CLANG_ANALYZER_NUMBER_OBJECT_CONVERSION = YES_AGGRESSIVE;
				CLANG_CXX_LANGUAGE_STANDARD = "gnu++20";
				CLANG_ENABLE_MODULES = YES;
				CLANG_ENABLE_OBJC_ARC = YES;
				CLANG_ENABLE_OBJC_WEAK = YES;
				CLANG_WARN_BLOCK_CAPTURE_AUTORELEASING = YES;
				CLANG_WARN_BOOL_CONVERSION = YES;
				CLANG_WARN_COMMA = YES;
				CLANG_WARN_CONSTANT_CONVERSION = YES;
				CLANG_WARN_DEPRECATED_OBJC_IMPLEMENTATIONS = YES;
				CLANG_WARN_DIRECT_OBJC_ISA_USAGE = YES_ERROR;
				CLANG_WARN_DOCUMENTATION_COMMENTS = YES;
				CLANG_WARN_EMPTY_BODY = YES;
				CLANG_WARN_ENUM_CONVERSION = YES;
				CLANG_WARN_INFINITE_RECURSION = YES;
				CLANG_WARN_INT_CONVERSION = YES;
				CLANG_WARN_NON_LITERAL_NULL_CONVERSION = YES;
				CLANG_WARN_OBJC_IMPLICIT_RETAIN_SELF = YES;
				CLANG_WARN_OBJC_LITERAL_CONVERSION = YES;
				CLANG_WARN_OBJC_ROOT_CLASS = YES_ERROR;
				CLANG_WARN_QUOTED_INCLUDE_IN_FRAMEWORK_HEADER = YES;
				CLANG_WARN_RANGE_LOOP_ANALYSIS = YES;
				CLANG_WARN_STRICT_PROTOTYPES = YES;
				CLANG_WARN_SUSPICIOUS_MOVE = YES;
				CLANG_WARN_UNGUARDED_AVAILABILITY = YES_AGGRESSIVE;
				CLANG_WARN_UNREACHABLE_CODE = YES;
				CLANG_WARN__DUPLICATE_METHOD_MATCH = YES;
				COPY_PHASE_STRIP = NO;
				DEBUG_INFORMATION_FORMAT = dwarf;
				DEVELOPMENT_TEAM = 5Q98FY89DC;
				ENABLE_STRICT_OBJC_MSGSEND = YES;
				ENABLE_TESTABILITY = YES;
				ENABLE_USER_SCRIPT_SANDBOXING = YES;
				GCC_C_LANGUAGE_STANDARD = gnu17;
				GCC_DYNAMIC_NO_PIC = NO;
				GCC_NO_COMMON_BLOCKS = YES;
				GCC_OPTIMIZATION_LEVEL = 0;
				GCC_PREPROCESSOR_DEFINITIONS = (
					"DEBUG=1",
					"$(inherited)",
				);
				GCC_WARN_64_TO_32_BIT_CONVERSION = YES;
				GCC_WARN_ABOUT_RETURN_TYPE = YES_ERROR;
				GCC_WARN_UNDECLARED_SELECTOR = YES;
				GCC_WARN_UNINITIALIZED_AUTOS = YES_AGGRESSIVE;
				GCC_WARN_UNUSED_FUNCTION = YES;
				GCC_WARN_UNUSED_VARIABLE = YES;
				IPHONEOS_DEPLOYMENT_TARGET = 26.0;
				LOCALIZATION_PREFERS_STRING_CATALOGS = YES;
				MTL_ENABLE_DEBUG_INFO = INCLUDE_SOURCE;
				MTL_FAST_MATH = YES;
				ONLY_ACTIVE_ARCH = YES;
				SDKROOT = iphoneos;
				SWIFT_ACTIVE_COMPILATION_CONDITIONS = "DEBUG $(inherited)";
				SWIFT_OPTIMIZATION_LEVEL = "-Onone";
			};
			name = Debug;
		};
		DEFC5BB72EDE23F800FC3B4C /* Release */ = {
			isa = XCBuildConfiguration;
			buildSettings = {
				ALWAYS_SEARCH_USER_PATHS = NO;
				ASSETCATALOG_COMPILER_GENERATE_SWIFT_ASSET_SYMBOL_EXTENSIONS = YES;
				CLANG_ANALYZER_NONNULL = YES;
				CLANG_ANALYZER_NUMBER_OBJECT_CONVERSION = YES_AGGRESSIVE;
				CLANG_CXX_LANGUAGE_STANDARD = "gnu++20";
				CLANG_ENABLE_MODULES = YES;
				CLANG_ENABLE_OBJC_ARC = YES;
				CLANG_ENABLE_OBJC_WEAK = YES;
				CLANG_WARN_BLOCK_CAPTURE_AUTORELEASING = YES;
				CLANG_WARN_BOOL_CONVERSION = YES;
				CLANG_WARN_COMMA = YES;
				CLANG_WARN_CONSTANT_CONVERSION = YES;
				CLANG_WARN_DEPRECATED_OBJC_IMPLEMENTATIONS = YES;
				CLANG_WARN_DIRECT_OBJC_ISA_USAGE = YES_ERROR;
				CLANG_WARN_DOCUMENTATION_COMMENTS = YES;
				CLANG_WARN_EMPTY_BODY = YES;
				CLANG_WARN_ENUM_CONVERSION = YES;
				CLANG_WARN_INFINITE_RECURSION = YES;
				CLANG_WARN_INT_CONVERSION = YES;
				CLANG_WARN_NON_LITERAL_NULL_CONVERSION = YES;
				CLANG_WARN_OBJC_IMPLICIT_RETAIN_SELF = YES;
				CLANG_WARN_OBJC_LITERAL_CONVERSION = YES;
				CLANG_WARN_OBJC_ROOT_CLASS = YES_ERROR;
				CLANG_WARN_QUOTED_INCLUDE_IN_FRAMEWORK_HEADER = YES;
				CLANG_WARN_RANGE_LOOP_ANALYSIS = YES;
				CLANG_WARN_STRICT_PROTOTYPES = YES;
				CLANG_WARN_SUSPICIOUS_MOVE = YES;
				CLANG_WARN_UNGUARDED_AVAILABILITY = YES_AGGRESSIVE;
				CLANG_WARN_UNREACHABLE_CODE = YES;
				CLANG_WARN__DUPLICATE_METHOD_MATCH = YES;
				COPY_PHASE_STRIP = NO;
				DEBUG_INFORMATION_FORMAT = "dwarf-with-dsym";
				DEVELOPMENT_TEAM = 5Q98FY89DC;
				ENABLE_NS_ASSERTIONS = NO;
				ENABLE_STRICT_OBJC_MSGSEND = YES;
				ENABLE_USER_SCRIPT_SANDBOXING = YES;
				GCC_C_LANGUAGE_STANDARD = gnu17;
				GCC_NO_COMMON_BLOCKS = YES;
				GCC_WARN_64_TO_32_BIT_CONVERSION = YES;
				GCC_WARN_ABOUT_RETURN_TYPE = YES_ERROR;
				GCC_WARN_UNDECLARED_SELECTOR = YES;
				GCC_WARN_UNINITIALIZED_AUTOS = YES_AGGRESSIVE;
				GCC_WARN_UNUSED_FUNCTION = YES;
				GCC_WARN_UNUSED_VARIABLE = YES;
				IPHONEOS_DEPLOYMENT_TARGET = 26.0;
				LOCALIZATION_PREFERS_STRING_CATALOGS = YES;
				MTL_ENABLE_DEBUG_INFO = NO;
				MTL_FAST_MATH = YES;
				SDKROOT = iphoneos;
				SWIFT_COMPILATION_MODE = wholemodule;
				VALIDATE_PRODUCT = YES;
			};
			name = Release;
		};
		DEFC5BB92EDE23F800FC3B4C /* Debug */ = {
			isa = XCBuildConfiguration;
			buildSettings = {
				BUNDLE_LOADER = "$(TEST_HOST)";
				CODE_SIGN_STYLE = Automatic;
				CURRENT_PROJECT_VERSION = 1;
				DEVELOPMENT_TEAM = 5Q98FY89DC;
				GENERATE_INFOPLIST_FILE = YES;
				IPHONEOS_DEPLOYMENT_TARGET = 26.0;
				MARKETING_VERSION = 1.0;
				PRODUCT_BUNDLE_IDENTIFIER = Fiserv.FiservAssignmentTests;
				PRODUCT_NAME = "$(TARGET_NAME)";
				STRING_CATALOG_GENERATE_SYMBOLS = NO;
				SWIFT_APPROACHABLE_CONCURRENCY = YES;
				SWIFT_EMIT_LOC_STRINGS = NO;
				SWIFT_UPCOMING_FEATURE_MEMBER_IMPORT_VISIBILITY = YES;
				SWIFT_VERSION = 5.0;
				TARGETED_DEVICE_FAMILY = "1,2";
				TEST_HOST = "$(BUILT_PRODUCTS_DIR)/FiservAssignment.app/$(BUNDLE_EXECUTABLE_FOLDER_PATH)/FiservAssignment";
			};
			name = Debug;
		};
		DEFC5BBA2EDE23F800FC3B4C /* Release */ = {
			isa = XCBuildConfiguration;
			buildSettings = {
				BUNDLE_LOADER = "$(TEST_HOST)";
				CODE_SIGN_STYLE = Automatic;
				CURRENT_PROJECT_VERSION = 1;
				DEVELOPMENT_TEAM = 5Q98FY89DC;
				GENERATE_INFOPLIST_FILE = YES;
				IPHONEOS_DEPLOYMENT_TARGET = 26.0;
				MARKETING_VERSION = 1.0;
				PRODUCT_BUNDLE_IDENTIFIER = Fiserv.FiservAssignmentTests;
				PRODUCT_NAME = "$(TARGET_NAME)";
				STRING_CATALOG_GENERATE_SYMBOLS = NO;
				SWIFT_APPROACHABLE_CONCURRENCY = YES;
				SWIFT_EMIT_LOC_STRINGS = NO;
				SWIFT_UPCOMING_FEATURE_MEMBER_IMPORT_VISIBILITY = YES;
				SWIFT_VERSION = 5.0;
				TARGETED_DEVICE_FAMILY = "1,2";
				TEST_HOST = "$(BUILT_PRODUCTS_DIR)/FiservAssignment.app/$(BUNDLE_EXECUTABLE_FOLDER_PATH)/FiservAssignment";
			};
			name = Release;
		};
		DEFC5BBC2EDE23F800FC3B4C /* Debug */ = {
			isa = XCBuildConfiguration;
			buildSettings = {
				CODE_SIGN_STYLE = Automatic;
				CURRENT_PROJECT_VERSION = 1;
				DEVELOPMENT_TEAM = 5Q98FY89DC;
				GENERATE_INFOPLIST_FILE = YES;
				MARKETING_VERSION = 1.0;
				PRODUCT_BUNDLE_IDENTIFIER = Fiserv.FiservAssignmentUITests;
				PRODUCT_NAME = "$(TARGET_NAME)";
				STRING_CATALOG_GENERATE_SYMBOLS = NO;
				SWIFT_APPROACHABLE_CONCURRENCY = YES;
				SWIFT_EMIT_LOC_STRINGS = NO;
				SWIFT_UPCOMING_FEATURE_MEMBER_IMPORT_VISIBILITY = YES;
				SWIFT_VERSION = 5.0;
				TARGETED_DEVICE_FAMILY = "1,2";
				TEST_TARGET_NAME = FiservAssignment;
			};
			name = Debug;
		};
		DEFC5BBD2EDE23F800FC3B4C /* Release */ = {
			isa = XCBuildConfiguration;
			buildSettings = {
				CODE_SIGN_STYLE = Automatic;
				CURRENT_PROJECT_VERSION = 1;
				DEVELOPMENT_TEAM = 5Q98FY89DC;
				GENERATE_INFOPLIST_FILE = YES;
				MARKETING_VERSION = 1.0;
				PRODUCT_BUNDLE_IDENTIFIER = Fiserv.FiservAssignmentUITests;
				PRODUCT_NAME = "$(TARGET_NAME)";
				STRING_CATALOG_GENERATE_SYMBOLS = NO;
				SWIFT_APPROACHABLE_CONCURRENCY = YES;
				SWIFT_EMIT_LOC_STRINGS = NO;
				SWIFT_UPCOMING_FEATURE_MEMBER_IMPORT_VISIBILITY = YES;
				SWIFT_VERSION = 5.0;
				TARGETED_DEVICE_FAMILY = "1,2";
				TEST_TARGET_NAME = FiservAssignment;
			};
			name = Release;
		};
/* End XCBuildConfiguration section */

/* Begin XCConfigurationList section */
		DEFC5B852EDE23F700FC3B4C /* Build configuration list for PBXProject "FiservAssignment" */ = {
			isa = XCConfigurationList;
			buildConfigurations = (
				DEFC5BB62EDE23F800FC3B4C /* Debug */,
				DEFC5BB72EDE23F800FC3B4C /* Release */,
			);
			defaultConfigurationIsVisible = 0;
			defaultConfigurationName = Release;
		};
		DEFC5BB32EDE23F800FC3B4C /* Build configuration list for PBXNativeTarget "FiservAssignment" */ = {
			isa = XCConfigurationList;
			buildConfigurations = (
				DEFC5BB42EDE23F800FC3B4C /* Debug */,
				DEFC5BB52EDE23F800FC3B4C /* Release */,
			);
			defaultConfigurationIsVisible = 0;
			defaultConfigurationName = Release;
		};
		DEFC5BB82EDE23F800FC3B4C /* Build configuration list for PBXNativeTarget "FiservAssignmentTests" */ = {
			isa = XCConfigurationList;
			buildConfigurations = (
				DEFC5BB92EDE23F800FC3B4C /* Debug */,
				DEFC5BBA2EDE23F800FC3B4C /* Release */,
			);
			defaultConfigurationIsVisible = 0;
			defaultConfigurationName = Release;
		};
		DEFC5BBB2EDE23F800FC3B4C /* Build configuration list for PBXNativeTarget "FiservAssignmentUITests" */ = {
			isa = XCConfigurationList;
			buildConfigurations = (
				DEFC5BBC2EDE23F800FC3B4C /* Debug */,
				DEFC5BBD2EDE23F800FC3B4C /* Release */,
			);
			defaultConfigurationIsVisible = 0;
			defaultConfigurationName = Release;
		};
/* End XCConfigurationList section */
	};
	rootObject = DEFC5B822EDE23F700FC3B4C /* Project object */;
}
